// !$*UTF8*$!
{
	archiveVersion = 1;
	classes = {
	};
	objectVersion = 48;
	objects = {

/* Begin PBXBuildFile section */
		A91FC2E720643B8000A055F0 /* AppDelegate.swift in Sources */ = {isa = PBXBuildFile; fileRef = A91FC2E620643B8000A055F0 /* AppDelegate.swift */; };
		A91FC2E920643B8000A055F0 /* ViewController.swift in Sources */ = {isa = PBXBuildFile; fileRef = A91FC2E820643B8000A055F0 /* ViewController.swift */; };
		A91FC2EC20643B8000A055F0 /* Main.storyboard in Resources */ = {isa = PBXBuildFile; fileRef = A91FC2EA20643B8000A055F0 /* Main.storyboard */; };
		A91FC2EE20643B8000A055F0 /* Assets.xcassets in Resources */ = {isa = PBXBuildFile; fileRef = A91FC2ED20643B8000A055F0 /* Assets.xcassets */; };
		A91FC2F120643B8000A055F0 /* LaunchScreen.storyboard in Resources */ = {isa = PBXBuildFile; fileRef = A91FC2EF20643B8000A055F0 /* LaunchScreen.storyboard */; };
/* End PBXBuildFile section */

/* Begin PBXFileReference section */
		A91FC2E320643B8000A055F0 /* HairCutteryClub2018.app */ = {isa = PBXFileReference; explicitFileType = wrapper.application; includeInIndex = 0; path = HairCutteryClub2018.app; sourceTree = BUILT_PRODUCTS_DIR; };
		A91FC2E620643B8000A055F0 /* AppDelegate.swift */ = {isa = PBXFileReference; lastKnownFileType = sourcecode.swift; path = AppDelegate.swift; sourceTree = "<group>"; };
		A91FC2E820643B8000A055F0 /* ViewController.swift */ = {isa = PBXFileReference; lastKnownFileType = sourcecode.swift; path = ViewController.swift; sourceTree = "<group>"; };
		A91FC2EB20643B8000A055F0 /* Base */ = {isa = PBXFileReference; lastKnownFileType = file.storyboard; name = Base; path = Base.lproj/Main.storyboard; sourceTree = "<group>"; };
		A91FC2ED20643B8000A055F0 /* Assets.xcassets */ = {isa = PBXFileReference; lastKnownFileType = folder.assetcatalog; path = Assets.xcassets; sourceTree = "<group>"; };
		A91FC2F020643B8000A055F0 /* Base */ = {isa = PBXFileReference; lastKnownFileType = file.storyboard; name = Base; path = Base.lproj/LaunchScreen.storyboard; sourceTree = "<group>"; };
		A91FC2F220643B8000A055F0 /* Info.plist */ = {isa = PBXFileReference; lastKnownFileType = text.plist.xml; path = Info.plist; sourceTree = "<group>"; };
/* End PBXFileReference section */

/* Begin PBXFrameworksBuildPhase section */
		A91FC2E020643B8000A055F0 /* Frameworks */ = {
			isa = PBXFrameworksBuildPhase;
			buildActionMask = 2147483647;
			files = (
			);
			runOnlyForDeploymentPostprocessing = 0;
		};
/* End PBXFrameworksBuildPhase section */

/* Begin PBXGroup section */
		A91FC2DA20643B8000A055F0 = {
			isa = PBXGroup;
			children = (
				A91FC2E520643B8000A055F0 /* HairCutteryClub2018 */,
				A91FC2E420643B8000A055F0 /* Products */,
			);
			sourceTree = "<group>";
		};
		A91FC2E420643B8000A055F0 /* Products */ = {
			isa = PBXGroup;
			children = (
				A91FC2E320643B8000A055F0 /* HairCutteryClub2018.app */,
			);
			name = Products;
			sourceTree = "<group>";
		};
		A91FC2E520643B8000A055F0 /* HairCutteryClub2018 */ = {
			isa = PBXGroup;
			children = (
				A91FC2E620643B8000A055F0 /* AppDelegate.swift */,
				A91FC2E820643B8000A055F0 /* ViewController.swift */,
				A91FC2EA20643B8000A055F0 /* Main.storyboard */,
				A91FC2ED20643B8000A055F0 /* Assets.xcassets */,
				A91FC2EF20643B8000A055F0 /* LaunchScreen.storyboard */,
				A91FC2F220643B8000A055F0 /* Info.plist */,
			);
			path = HairCutteryClub2018;
			sourceTree = "<group>";
		};
/* End PBXGroup section */

/* Begin PBXNativeTarget section */
		A91FC2E220643B8000A055F0 /* HairCutteryClub2018 */ = {
			isa = PBXNativeTarget;
			buildConfigurationList = A91FC2F520643B8000A055F0 /* Build configuration list for PBXNativeTarget "HairCutteryClub2018" */;
			buildPhases = (
				A91FC2DF20643B8000A055F0 /* Sources */,
				A91FC2E020643B8000A055F0 /* Frameworks */,
				A91FC2E120643B8000A055F0 /* Resources */,
			);
			buildRules = (
			);
			dependencies = (
			);
			name = HairCutteryClub2018;
			productName = HairCutteryClub2018;
			productReference = A91FC2E320643B8000A055F0 /* HairCutteryClub2018.app */;
			productType = "com.apple.product-type.application";
		};
/* End PBXNativeTarget section */

/* Begin PBXProject section */
		A91FC2DB20643B8000A055F0 /* Project object */ = {
			isa = PBXProject;
			attributes = {
				LastSwiftUpdateCheck = 0920;
				LastUpgradeCheck = 0920;
				ORGANIZATIONNAME = GlintHub;
				TargetAttributes = {
					A91FC2E220643B8000A055F0 = {
						CreatedOnToolsVersion = 9.2;
						ProvisioningStyle = Automatic;
					};
				};
			};
			buildConfigurationList = A91FC2DE20643B8000A055F0 /* Build configuration list for PBXProject "HairCutteryClub2018" */;
			compatibilityVersion = "Xcode 8.0";
			developmentRegion = en;
			hasScannedForEncodings = 0;
			knownRegions = (
				en,
				Base,
			);
			mainGroup = A91FC2DA20643B8000A055F0;
			productRefGroup = A91FC2E420643B8000A055F0 /* Products */;
			projectDirPath = "";
			projectRoot = "";
			targets = (
				A91FC2E220643B8000A055F0 /* HairCutteryClub2018 */,
			);
		};
/* End PBXProject section */

/* Begin PBXResourcesBuildPhase section */
		A91FC2E120643B8000A055F0 /* Resources */ = {
			isa = PBXResourcesBuildPhase;
			buildActionMask = 2147483647;
			files = (
				A91FC2F120643B8000A055F0 /* LaunchScreen.storyboard in Resources */,
				A91FC2EE20643B8000A055F0 /* Assets.xcassets in Resources */,
				A91FC2EC20643B8000A055F0 /* Main.storyboard in Resources */,
			);
			runOnlyForDeploymentPostprocessing = 0;
		};
/* End PBXResourcesBuildPhase section */

/* Begin PBXSourcesBuildPhase section */
		A91FC2DF20643B8000A055F0 /* Sources */ = {
			isa = PBXSourcesBuildPhase;
			buildActionMask = 2147483647;
			files = (
				A91FC2E920643B8000A055F0 /* ViewController.swift in Sources */,
				A91FC2E720643B8000A055F0 /* AppDelegate.swift in Sources */,
			);
			runOnlyForDeploymentPostprocessing = 0;
		};
/* End PBXSourcesBuildPhase section */

/* Begin PBXVariantGroup section */
		A91FC2EA20643B8000A055F0 /* Main.storyboard */ = {
			isa = PBXVariantGroup;
			children = (
				A91FC2EB20643B8000A055F0 /* Base */,
			);
			name = Main.storyboard;
			sourceTree = "<group>";
		};
		A91FC2EF20643B8000A055F0 /* LaunchScreen.storyboard */ = {
			isa = PBXVariantGroup;
			children = (
				A91FC2F020643B8000A055F0 /* Base */,
			);
			name = LaunchScreen.storyboard;
			sourceTree = "<group>";
		};
/* End PBXVariantGroup section */

/* Begin XCBuildConfiguration section */
		A91FC2F320643B8000A055F0 /* Debug */ = {
			isa = XCBuildConfiguration;
			buildSettings = {
				ALWAYS_SEARCH_USER_PATHS = NO;
				CLANG_ANALYZER_NONNULL = YES;
				CLANG_ANALYZER_NUMBER_OBJECT_CONVERSION = YES_AGGRESSIVE;
				CLANG_CXX_LANGUAGE_STANDARD = "gnu++14";
				CLANG_CXX_LIBRARY = "libc++";
				CLANG_ENABLE_MODULES = YES;
				CLANG_ENABLE_OBJC_ARC = YES;
				CLANG_WARN_BLOCK_CAPTURE_AUTORELEASING = YES;
				CLANG_WARN_BOOL_CONVERSION = YES;
				CLANG_WARN_COMMA = YES;
				CLANG_WARN_CONSTANT_CONVERSION = YES;
				CLANG_WARN_DIRECT_OBJC_ISA_USAGE = YES_ERROR;
				CLANG_WARN_DOCUMENTATION_COMMENTS = YES;
				CLANG_WARN_EMPTY_BODY = YES;
				CLANG_WARN_ENUM_CONVERSION = YES;
				CLANG_WARN_INFINITE_RECURSION = YES;
				CLANG_WARN_INT_CONVERSION = YES;
				CLANG_WARN_NON_LITERAL_NULL_CONVERSION = YES;
				CLANG_WARN_OBJC_LITERAL_CONVERSION = YES;
				CLANG_WARN_OBJC_ROOT_CLASS = YES_ERROR;
				CLANG_WARN_RANGE_LOOP_ANALYSIS = YES;
				CLANG_WARN_STRICT_PROTOTYPES = YES;
				CLANG_WARN_SUSPICIOUS_MOVE = YES;
				CLANG_WARN_UNGUARDED_AVAILABILITY = YES_AGGRESSIVE;
				CLANG_WARN_UNREACHABLE_CODE = YES;
				CLANG_WARN__DUPLICATE_METHOD_MATCH = YES;
				CODE_SIGN_IDENTITY = "iPhone Developer";
				COPY_PHASE_STRIP = NO;
				DEBUG_INFORMATION_FORMAT = dwarf;
				ENABLE_STRICT_OBJC_MSGSEND = YES;
				ENABLE_TESTABILITY = YES;
				GCC_C_LANGUAGE_STANDARD = gnu11;
				GCC_DYNAMIC_NO_PIC = NO;
				GCC_NO_COMMON_BLOCKS = YES;
				GCC_OPTIMIZATION_LEVEL = 0;
				GCC_PREPROCESSOR_DEFINITIONS = (
					"DEBUG=1",
					"$(inherited)",
				);
				GCC_WARN_64_TO_32_BIT_CONVERSION = YES;
				GCC_WARN_ABOUT_RETURN_TYPE = YES_ERROR;
				GCC_WARN_UNDECLARED_SELECTOR = YES;
				GCC_WARN_UNINITIALIZED_AUTOS = YES_AGGRESSIVE;
				GCC_WARN_UNUSED_FUNCTION = YES;
				GCC_WARN_UNUSED_VARIABLE = YES;
				IPHONEOS_DEPLOYMENT_TARGET = 11.2;
				MTL_ENABLE_DEBUG_INFO = YES;
				ONLY_ACTIVE_ARCH = YES;
				SDKROOT = iphoneos;
				SWIFT_ACTIVE_COMPILATION_CONDITIONS = DEBUG;
				SWIFT_OPTIMIZATION_LEVEL = "-Onone";
			};
			name = Debug;
		};
		A91FC2F420643B8000A055F0 /* Release */ = {
			isa = XCBuildConfiguration;
			buildSettings = {
				ALWAYS_SEARCH_USER_PATHS = NO;
				CLANG_ANALYZER_NONNULL = YES;
				CLANG_ANALYZER_NUMBER_OBJECT_CONVERSION = YES_AGGRESSIVE;
				CLANG_CXX_LANGUAGE_STANDARD = "gnu++14";
				CLANG_CXX_LIBRARY = "libc++";
				CLANG_ENABLE_MODULES = YES;
				CLANG_ENABLE_OBJC_ARC = YES;
				CLANG_WARN_BLOCK_CAPTURE_AUTORELEASING = YES;
				CLANG_WARN_BOOL_CONVERSION = YES;
				CLANG_WARN_COMMA = YES;
				CLANG_WARN_CONSTANT_CONVERSION = YES;
				CLANG_WARN_DIRECT_OBJC_ISA_USAGE = YES_ERROR;
				CLANG_WARN_DOCUMENTATION_COMMENTS = YES;
				CLANG_WARN_EMPTY_BODY = YES;
				CLANG_WARN_ENUM_CONVERSION = YES;
				CLANG_WARN_INFINITE_RECURSION = YES;
				CLANG_WARN_INT_CONVERSION = YES;
				CLANG_WARN_NON_LITERAL_NULL_CONVERSION = YES;
				CLANG_WARN_OBJC_LITERAL_CONVERSION = YES;
				CLANG_WARN_OBJC_ROOT_CLASS = YES_ERROR;
				CLANG_WARN_RANGE_LOOP_ANALYSIS = YES;
				CLANG_WARN_STRICT_PROTOTYPES = YES;
				CLANG_WARN_SUSPICIOUS_MOVE = YES;
				CLANG_WARN_UNGUARDED_AVAILABILITY = YES_AGGRESSIVE;
				CLANG_WARN_UNREACHABLE_CODE = YES;
				CLANG_WARN__DUPLICATE_METHOD_MATCH = YES;
				CODE_SIGN_IDENTITY = "iPhone Developer";
				COPY_PHASE_STRIP = NO;
				DEBUG_INFORMATION_FORMAT = "dwarf-with-dsym";
				ENABLE_NS_ASSERTIONS = NO;
				ENABLE_STRICT_OBJC_MSGSEND = YES;
				GCC_C_LANGUAGE_STANDARD = gnu11;
				GCC_NO_COMMON_BLOCKS = YES;
				GCC_WARN_64_TO_32_BIT_CONVERSION = YES;
				GCC_WARN_ABOUT_RETURN_TYPE = YES_ERROR;
				GCC_WARN_UNDECLARED_SELECTOR = YES;
				GCC_WARN_UNINITIALIZED_AUTOS = YES_AGGRESSIVE;
				GCC_WARN_UNUSED_FUNCTION = YES;
				GCC_WARN_UNUSED_VARIABLE = YES;
				IPHONEOS_DEPLOYMENT_TARGET = 11.2;
				MTL_ENABLE_DEBUG_INFO = NO;
				SDKROOT = iphoneos;
				SWIFT_OPTIMIZATION_LEVEL = "-Owholemodule";
				VALIDATE_PRODUCT = YES;
			};
			name = Release;
		};
		A91FC2F620643B8000A055F0 /* Debug */ = {
			isa = XCBuildConfiguration;
			buildSettings = {
				ASSETCATALOG_COMPILER_APPICON_NAME = AppIcon;
				CODE_SIGN_STYLE = Automatic;
				DEVELOPMENT_TEAM = 9ZL6R2RX4T;
				INFOPLIST_FILE = HairCutteryClub2018/Info.plist;
				LD_RUNPATH_SEARCH_PATHS = "$(inherited) @executable_path/Frameworks";
				PRODUCT_BUNDLE_IDENTIFIER = GlintHub.HairCutteryClub2018;
				PRODUCT_NAME = "$(TARGET_NAME)";
				SWIFT_VERSION = 4.0;
				TARGETED_DEVICE_FAMILY = "1,2";
			};
			name = Debug;
		};
		A91FC2F720643B8000A055F0 /* Release */ = {
			isa = XCBuildConfiguration;
			buildSettings = {
				ASSETCATALOG_COMPILER_APPICON_NAME = AppIcon;
				CODE_SIGN_STYLE = Automatic;
				DEVELOPMENT_TEAM = 9ZL6R2RX4T;
				INFOPLIST_FILE = HairCutteryClub2018/Info.plist;
				LD_RUNPATH_SEARCH_PATHS = "$(inherited) @executable_path/Frameworks";
				PRODUCT_BUNDLE_IDENTIFIER = GlintHub.HairCutteryClub2018;
				PRODUCT_NAME = "$(TARGET_NAME)";
				SWIFT_VERSION = 4.0;
				TARGETED_DEVICE_FAMILY = "1,2";
			};
			name = Release;
		};
/* End XCBuildConfiguration section */

/* Begin XCConfigurationList section */
		A91FC2DE20643B8000A055F0 /* Build configuration list for PBXProject "HairCutteryClub2018" */ = {
			isa = XCConfigurationList;
			buildConfigurations = (
				A91FC2F320643B8000A055F0 /* Debug */,
				A91FC2F420643B8000A055F0 /* Release */,
			);
			defaultConfigurationIsVisible = 0;
			defaultConfigurationName = Release;
		};
		A91FC2F520643B8000A055F0 /* Build configuration list for PBXNativeTarget "HairCutteryClub2018" */ = {
			isa = XCConfigurationList;
			buildConfigurations = (
				A91FC2F620643B8000A055F0 /* Debug */,
				A91FC2F720643B8000A055F0 /* Release */,
			);
			defaultConfigurationIsVisible = 0;
			defaultConfigurationName = Release;
		};
/* End XCConfigurationList section */
	};
	rootObject = A91FC2DB20643B8000A055F0 /* Project object */;
}
